
Microsoft Visual Studio Solution File, Format Version 12.00
# Visual Studio Version 16
VisualStudioVersion = 16.0.31702.278
MinimumVisualStudioVersion = 10.0.40219.1
Project("{9A19103F-16F7-4668-BE54-9A1E7A4F7556}") = "Social(old)", "Social\Social(old).csproj", "{38CFB004-B893-426C-B0B7-2A9440EDE6DB}"
EndProject
Project("{9A19103F-16F7-4668-BE54-9A1E7A4F7556}") = "Social.Domain", "Social.Domain\Social.Domain.csproj", "{C2CE9D9B-FC08-4B54-AA12-66AE7054BA92}"
EndProject
Project("{9A19103F-16F7-4668-BE54-9A1E7A4F7556}") = "Social.Persistence", "Social.Persistence\Social.Persistence.csproj", "{0C50B137-3455-4868-AFBA-5632606BEEB8}"
EndProject
Project("{9A19103F-16F7-4668-BE54-9A1E7A4F7556}") = "Social.Service", "Social.Service\Social.Service.csproj", "{72697145-2DC8-4323-8CE4-530C33E00FF2}"
EndProject
Project("{FAE04EC0-301F-11D3-BF4B-00C04F79EFBC}") = "Social.Presentation", "Social.Presentation\Social.Presentation.csproj", "{7F779B70-25E5-4706-9539-BF0BED235981}"
EndProject
Global
	GlobalSection(SolutionConfigurationPlatforms) = preSolution
		Debug|Any CPU = Debug|Any CPU
		Release|Any CPU = Release|Any CPU
	EndGlobalSection
	GlobalSection(ProjectConfigurationPlatforms) = postSolution
		{38CFB004-B893-426C-B0B7-2A9440EDE6DB}.Debug|Any CPU.ActiveCfg = Debug|Any CPU
		{38CFB004-B893-426C-B0B7-2A9440EDE6DB}.Debug|Any CPU.Build.0 = Debug|Any CPU
		{38CFB004-B893-426C-B0B7-2A9440EDE6DB}.Release|Any CPU.ActiveCfg = Release|Any CPU
		{38CFB004-B893-426C-B0B7-2A9440EDE6DB}.Release|Any CPU.Build.0 = Release|Any CPU
		{C2CE9D9B-FC08-4B54-AA12-66AE7054BA92}.Debug|Any CPU.ActiveCfg = Debug|Any CPU
		{C2CE9D9B-FC08-4B54-AA12-66AE7054BA92}.Debug|Any CPU.Build.0 = Debug|Any CPU
		{C2CE9D9B-FC08-4B54-AA12-66AE7054BA92}.Release|Any CPU.ActiveCfg = Release|Any CPU
		{C2CE9D9B-FC08-4B54-AA12-66AE7054BA92}.Release|Any CPU.Build.0 = Release|Any CPU
		{0C50B137-3455-4868-AFBA-5632606BEEB8}.Debug|Any CPU.ActiveCfg = Debug|Any CPU
		{0C50B137-3455-4868-AFBA-5632606BEEB8}.Debug|Any CPU.Build.0 = Debug|Any CPU
		{0C50B137-3455-4868-AFBA-5632606BEEB8}.Release|Any CPU.ActiveCfg = Release|Any CPU
		{0C50B137-3455-4868-AFBA-5632606BEEB8}.Release|Any CPU.Build.0 = Release|Any CPU
		{72697145-2DC8-4323-8CE4-530C33E00FF2}.Debug|Any CPU.ActiveCfg = Debug|Any CPU
		{72697145-2DC8-4323-8CE4-530C33E00FF2}.Debug|Any CPU.Build.0 = Debug|Any CPU
		{72697145-2DC8-4323-8CE4-530C33E00FF2}.Release|Any CPU.ActiveCfg = Release|Any CPU
		{72697145-2DC8-4323-8CE4-530C33E00FF2}.Release|Any CPU.Build.0 = Release|Any CPU
		{7F779B70-25E5-4706-9539-BF0BED235981}.Debug|Any CPU.ActiveCfg = Debug|Any CPU
		{7F779B70-25E5-4706-9539-BF0BED235981}.Debug|Any CPU.Build.0 = Debug|Any CPU
		{7F779B70-25E5-4706-9539-BF0BED235981}.Release|Any CPU.ActiveCfg = Release|Any CPU
		{7F779B70-25E5-4706-9539-BF0BED235981}.Release|Any CPU.Build.0 = Release|Any CPU
	EndGlobalSection
	GlobalSection(SolutionProperties) = preSolution
		HideSolutionNode = FALSE
	EndGlobalSection
	GlobalSection(ExtensibilityGlobals) = postSolution
		SolutionGuid = {206A5184-C1ED-49FE-83F3-5887C7FB5E5F}
	EndGlobalSection
EndGlobal
